
Microsoft Visual Studio Solution File, Format Version 12.00
# Visual Studio Version 16
VisualStudioVersion = 25.0.1706.14
MinimumVisualStudioVersion = 10.0.40219.1
Project("{FAE04EC0-301F-11D3-BF4B-00C04F79EFBC}") = "assignment", "assignment\assignment.csproj", "{3F96575C-E286-4FCE-B851-39580EC1B476}"
EndProject
Project("{2150E333-8FDC-42A3-9474-1A3956D46DE8}") = "Solution Items", "Solution Items", "{1ED9E36C-836A-4F15-8F67-357B069EC407}"
	ProjectSection(SolutionItems) = preProject
		.editorconfig = .editorconfig
	EndProjectSection
EndProject
Global
	GlobalSection(SolutionConfigurationPlatforms) = preSolution
		Debug|Any CPU = Debug|Any CPU
		Release|Any CPU = Release|Any CPU
	EndGlobalSection
	GlobalSection(ProjectConfigurationPlatforms) = postSolution
		{3F96575C-E286-4FCE-B851-39580EC1B476}.Debug|Any CPU.ActiveCfg = Debug|Any CPU
		{3F96575C-E286-4FCE-B851-39580EC1B476}.Debug|Any CPU.Build.0 = Debug|Any CPU
		{3F96575C-E286-4FCE-B851-39580EC1B476}.Release|Any CPU.ActiveCfg = Release|Any CPU
		{3F96575C-E286-4FCE-B851-39580EC1B476}.Release|Any CPU.Build.0 = Release|Any CPU
	EndGlobalSection
	GlobalSection(SolutionProperties) = preSolution
		HideSolutionNode = FALSE
	EndGlobalSection
	GlobalSection(ExtensibilityGlobals) = postSolution
		SolutionGuid = {5753A00F-8183-4437-AB4C-3E9D9A4F7F1C}
	EndGlobalSection
EndGlobal
